
Microsoft Visual Studio Solution File, Format Version 12.00
# Visual Studio Version 16
VisualStudioVersion = 16.0.31702.278
MinimumVisualStudioVersion = 10.0.40219.1
Project("{FAE04EC0-301F-11D3-BF4B-00C04F79EFBC}") = "testing.Android", "testing\testing.Android\testing.Android.csproj", "{A0F5B7DD-EB06-4F67-9465-565620BCFEDD}"
EndProject
Project("{FAE04EC0-301F-11D3-BF4B-00C04F79EFBC}") = "testing.iOS", "testing\testing.iOS\testing.iOS.csproj", "{AC1A246D-AE7A-4FEA-8FD5-90A0D0536116}"
EndProject
Project("{9A19103F-16F7-4668-BE54-9A1E7A4F7556}") = "testing", "testing\testing\testing.csproj", "{5E1E1201-F2BA-47E2-B1ED-377B01BF07F5}"
EndProject
Global
	GlobalSection(SolutionConfigurationPlatforms) = preSolution
		Debug|Any CPU = Debug|Any CPU
		Debug|iPhone = Debug|iPhone
		Debug|iPhoneSimulator = Debug|iPhoneSimulator
		Release|Any CPU = Release|Any CPU
		Release|iPhone = Release|iPhone
		Release|iPhoneSimulator = Release|iPhoneSimulator
	EndGlobalSection
	GlobalSection(ProjectConfigurationPlatforms) = postSolution
		{A0F5B7DD-EB06-4F67-9465-565620BCFEDD}.Debug|Any CPU.ActiveCfg = Debug|Any CPU
		{A0F5B7DD-EB06-4F67-9465-565620BCFEDD}.Debug|Any CPU.Build.0 = Debug|Any CPU
		{A0F5B7DD-EB06-4F67-9465-565620BCFEDD}.Debug|Any CPU.Deploy.0 = Debug|Any CPU
		{A0F5B7DD-EB06-4F67-9465-565620BCFEDD}.Debug|iPhone.ActiveCfg = Debug|Any CPU
		{A0F5B7DD-EB06-4F67-9465-565620BCFEDD}.Debug|iPhone.Build.0 = Debug|Any CPU
		{A0F5B7DD-EB06-4F67-9465-565620BCFEDD}.Debug|iPhone.Deploy.0 = Debug|Any CPU
		{A0F5B7DD-EB06-4F67-9465-565620BCFEDD}.Debug|iPhoneSimulator.ActiveCfg = Debug|Any CPU
		{A0F5B7DD-EB06-4F67-9465-565620BCFEDD}.Debug|iPhoneSimulator.Build.0 = Debug|Any CPU
		{A0F5B7DD-EB06-4F67-9465-565620BCFEDD}.Debug|iPhoneSimulator.Deploy.0 = Debug|Any CPU
		{A0F5B7DD-EB06-4F67-9465-565620BCFEDD}.Release|Any CPU.ActiveCfg = Release|Any CPU
		{A0F5B7DD-EB06-4F67-9465-565620BCFEDD}.Release|Any CPU.Build.0 = Release|Any CPU
		{A0F5B7DD-EB06-4F67-9465-565620BCFEDD}.Release|Any CPU.Deploy.0 = Release|Any CPU
		{A0F5B7DD-EB06-4F67-9465-565620BCFEDD}.Release|iPhone.ActiveCfg = Release|Any CPU
		{A0F5B7DD-EB06-4F67-9465-565620BCFEDD}.Release|iPhone.Build.0 = Release|Any CPU
		{A0F5B7DD-EB06-4F67-9465-565620BCFEDD}.Release|iPhone.Deploy.0 = Release|Any CPU
		{A0F5B7DD-EB06-4F67-9465-565620BCFEDD}.Release|iPhoneSimulator.ActiveCfg = Release|Any CPU
		{A0F5B7DD-EB06-4F67-9465-565620BCFEDD}.Release|iPhoneSimulator.Build.0 = Release|Any CPU
		{A0F5B7DD-EB06-4F67-9465-565620BCFEDD}.Release|iPhoneSimulator.Deploy.0 = Release|Any CPU
		{AC1A246D-AE7A-4FEA-8FD5-90A0D0536116}.Debug|Any CPU.ActiveCfg = Debug|iPhone
		{AC1A246D-AE7A-4FEA-8FD5-90A0D0536116}.Debug|Any CPU.Build.0 = Debug|iPhone
		{AC1A246D-AE7A-4FEA-8FD5-90A0D0536116}.Debug|Any CPU.Deploy.0 = Debug|iPhone
		{AC1A246D-AE7A-4FEA-8FD5-90A0D0536116}.Debug|iPhone.ActiveCfg = Debug|iPhone
		{AC1A246D-AE7A-4FEA-8FD5-90A0D0536116}.Debug|iPhone.Build.0 = Debug|iPhone
		{AC1A246D-AE7A-4FEA-8FD5-90A0D0536116}.Debug|iPhone.Deploy.0 = Debug|iPhone
		{AC1A246D-AE7A-4FEA-8FD5-90A0D0536116}.Debug|iPhoneSimulator.ActiveCfg = Debug|iPhoneSimulator
		{AC1A246D-AE7A-4FEA-8FD5-90A0D0536116}.Debug|iPhoneSimulator.Build.0 = Debug|iPhoneSimulator
		{AC1A246D-AE7A-4FEA-8FD5-90A0D0536116}.Debug|iPhoneSimulator.Deploy.0 = Debug|iPhoneSimulator
		{AC1A246D-AE7A-4FEA-8FD5-90A0D0536116}.Release|Any CPU.ActiveCfg = Release|iPhoneSimulator
		{AC1A246D-AE7A-4FEA-8FD5-90A0D0536116}.Release|Any CPU.Build.0 = Release|iPhoneSimulator
		{AC1A246D-AE7A-4FEA-8FD5-90A0D0536116}.Release|Any CPU.Deploy.0 = Release|iPhoneSimulator
		{AC1A246D-AE7A-4FEA-8FD5-90A0D0536116}.Release|iPhone.ActiveCfg = Release|iPhone
		{AC1A246D-AE7A-4FEA-8FD5-90A0D0536116}.Release|iPhone.Build.0 = Release|iPhone
		{AC1A246D-AE7A-4FEA-8FD5-90A0D0536116}.Release|iPhone.Deploy.0 = Release|iPhone
		{AC1A246D-AE7A-4FEA-8FD5-90A0D0536116}.Release|iPhoneSimulator.ActiveCfg = Release|iPhoneSimulator
		{AC1A246D-AE7A-4FEA-8FD5-90A0D0536116}.Release|iPhoneSimulator.Build.0 = Release|iPhoneSimulator
		{AC1A246D-AE7A-4FEA-8FD5-90A0D0536116}.Release|iPhoneSimulator.Deploy.0 = Release|iPhoneSimulator
		{5E1E1201-F2BA-47E2-B1ED-377B01BF07F5}.Debug|Any CPU.ActiveCfg = Debug|Any CPU
		{5E1E1201-F2BA-47E2-B1ED-377B01BF07F5}.Debug|Any CPU.Build.0 = Debug|Any CPU
		{5E1E1201-F2BA-47E2-B1ED-377B01BF07F5}.Debug|Any CPU.Deploy.0 = Debug|Any CPU
		{5E1E1201-F2BA-47E2-B1ED-377B01BF07F5}.Debug|iPhone.ActiveCfg = Debug|Any CPU
		{5E1E1201-F2BA-47E2-B1ED-377B01BF07F5}.Debug|iPhone.Build.0 = Debug|Any CPU
		{5E1E1201-F2BA-47E2-B1ED-377B01BF07F5}.Debug|iPhone.Deploy.0 = Debug|Any CPU
		{5E1E1201-F2BA-47E2-B1ED-377B01BF07F5}.Debug|iPhoneSimulator.ActiveCfg = Debug|Any CPU
		{5E1E1201-F2BA-47E2-B1ED-377B01BF07F5}.Debug|iPhoneSimulator.Build.0 = Debug|Any CPU
		{5E1E1201-F2BA-47E2-B1ED-377B01BF07F5}.Debug|iPhoneSimulator.Deploy.0 = Debug|Any CPU
		{5E1E1201-F2BA-47E2-B1ED-377B01BF07F5}.Release|Any CPU.ActiveCfg = Release|Any CPU
		{5E1E1201-F2BA-47E2-B1ED-377B01BF07F5}.Release|Any CPU.Build.0 = Release|Any CPU
		{5E1E1201-F2BA-47E2-B1ED-377B01BF07F5}.Release|Any CPU.Deploy.0 = Release|Any CPU
		{5E1E1201-F2BA-47E2-B1ED-377B01BF07F5}.Release|iPhone.ActiveCfg = Release|Any CPU
		{5E1E1201-F2BA-47E2-B1ED-377B01BF07F5}.Release|iPhone.Build.0 = Release|Any CPU
		{5E1E1201-F2BA-47E2-B1ED-377B01BF07F5}.Release|iPhone.Deploy.0 = Release|Any CPU
		{5E1E1201-F2BA-47E2-B1ED-377B01BF07F5}.Release|iPhoneSimulator.ActiveCfg = Release|Any CPU
		{5E1E1201-F2BA-47E2-B1ED-377B01BF07F5}.Release|iPhoneSimulator.Build.0 = Release|Any CPU
		{5E1E1201-F2BA-47E2-B1ED-377B01BF07F5}.Release|iPhoneSimulator.Deploy.0 = Release|Any CPU
	EndGlobalSection
	GlobalSection(SolutionProperties) = preSolution
		HideSolutionNode = FALSE
	EndGlobalSection
	GlobalSection(ExtensibilityGlobals) = postSolution
		SolutionGuid = {5AC71EEB-9338-4525-BE03-76CBFA455AB4}
	EndGlobalSection
EndGlobal
